// !$*UTF8*$!
{
	archiveVersion = 1;
	classes = {
	};
	objectVersion = 46;
	objects = {

/* Begin PBXBuildFile section */
		245CDD6E1DF4A18600AC04DE /* Chapter_2_Tests.swift in Sources */ = {isa = PBXBuildFile; fileRef = 245CDD6D1DF4A18600AC04DE /* Chapter_2_Tests.swift */; };
		245CDD741DF4A3E600AC04DE /* lex.yy.c in Sources */ = {isa = PBXBuildFile; fileRef = 24C4BC8C1DF4683900193AA4 /* lex.yy.c */; settings = {COMPILER_FLAGS = "-w"; }; };
		245CDD761DF4A3F100AC04DE /* util.c in Sources */ = {isa = PBXBuildFile; fileRef = 24C4BC911DF4685F00193AA4 /* util.c */; };
		245CDD771DF4A3F100AC04DE /* driver.c in Sources */ = {isa = PBXBuildFile; fileRef = 24C4BC951DF4695D00193AA4 /* driver.c */; };
		245CDD7C1DF4A42D00AC04DE /* errormsg.c in Sources */ = {isa = PBXBuildFile; fileRef = 245CDD7A1DF4A42D00AC04DE /* errormsg.c */; };
		24F386971DFD9150002FFA31 /* Lexer.swift in Sources */ = {isa = PBXBuildFile; fileRef = 24F386951DFD9150002FFA31 /* Lexer.swift */; };
		24F386981DFD91C1002FFA31 /* Extensions.swift in Sources */ = {isa = PBXBuildFile; fileRef = 245CDD7F1DF4FDC400AC04DE /* Extensions.swift */; };
		24F386991DFD91C1002FFA31 /* Extensions.swift in Sources */ = {isa = PBXBuildFile; fileRef = 245CDD7F1DF4FDC400AC04DE /* Extensions.swift */; };
		24F386AF1DFD97CD002FFA31 /* Token.swift in Sources */ = {isa = PBXBuildFile; fileRef = 24F386AD1DFD97CB002FFA31 /* Token.swift */; };
		24F386B01DFD9D13002FFA31 /* testIDs.tig in Resources */ = {isa = PBXBuildFile; fileRef = 24F664811DFD7E4200E8638D /* testIDs.tig */; };
		24F386B11DFD9D16002FFA31 /* testComments.tig in Resources */ = {isa = PBXBuildFile; fileRef = 245CDD7D1DF4F7EC00AC04DE /* testComments.tig */; };
		24F386BF1DFD9DFF002FFA31 /* Parser.swift in Sources */ = {isa = PBXBuildFile; fileRef = 24F386BD1DFD9DFF002FFA31 /* Parser.swift */; };
		24F386C71DFD9E8D002FFA31 /* main.swift in Sources */ = {isa = PBXBuildFile; fileRef = 24F386C61DFD9E8D002FFA31 /* main.swift */; };
		24F386D21DFD9FA4002FFA31 /* Lexer.swift in Sources */ = {isa = PBXBuildFile; fileRef = 24F386951DFD9150002FFA31 /* Lexer.swift */; };
		24F386D31DFD9FA5002FFA31 /* List.swift in Sources */ = {isa = PBXBuildFile; fileRef = 24F664831DFD88C300E8638D /* List.swift */; };
		24F386D71DFD9FB6002FFA31 /* Extensions.swift in Sources */ = {isa = PBXBuildFile; fileRef = 245CDD7F1DF4FDC400AC04DE /* Extensions.swift */; };
		24F386D81DFD9FB6002FFA31 /* Parser.swift in Sources */ = {isa = PBXBuildFile; fileRef = 24F386BD1DFD9DFF002FFA31 /* Parser.swift */; };
		24F386D91DFD9FB6002FFA31 /* Token.swift in Sources */ = {isa = PBXBuildFile; fileRef = 24F386AD1DFD97CB002FFA31 /* Token.swift */; };
		24F386DA1DFD9FC5002FFA31 /* lex.yy.c in Sources */ = {isa = PBXBuildFile; fileRef = 24C4BC8C1DF4683900193AA4 /* lex.yy.c */; settings = {COMPILER_FLAGS = "-w"; }; };
		24F386DB1DFD9FC5002FFA31 /* errormsg.c in Sources */ = {isa = PBXBuildFile; fileRef = 245CDD7A1DF4A42D00AC04DE /* errormsg.c */; };
		24F386DC1DFD9FC5002FFA31 /* util.c in Sources */ = {isa = PBXBuildFile; fileRef = 24C4BC911DF4685F00193AA4 /* util.c */; };
		24F386DD1DFD9FC5002FFA31 /* driver.c in Sources */ = {isa = PBXBuildFile; fileRef = 24C4BC951DF4695D00193AA4 /* driver.c */; };
		24F6648E1DFD897E00E8638D /* Chapter_1_Tests.swift in Sources */ = {isa = PBXBuildFile; fileRef = 24F6648D1DFD897E00E8638D /* Chapter_1_Tests.swift */; };
		24F664951DFD89EB00E8638D /* List.swift in Sources */ = {isa = PBXBuildFile; fileRef = 24F664831DFD88C300E8638D /* List.swift */; };
/* End PBXBuildFile section */

/* Begin PBXCopyFilesBuildPhase section */
		24F386C21DFD9E8D002FFA31 /* CopyFiles */ = {
			isa = PBXCopyFilesBuildPhase;
			buildActionMask = 2147483647;
			dstPath = /usr/share/man/man1/;
			dstSubfolderSpec = 0;
			files = (
			);
			runOnlyForDeploymentPostprocessing = 1;
		};
/* End PBXCopyFilesBuildPhase section */

/* Begin PBXFileReference section */
		245CDD6B1DF4A18600AC04DE /* Chapter 2 Tests.xctest */ = {isa = PBXFileReference; explicitFileType = wrapper.cfbundle; includeInIndex = 0; path = "Chapter 2 Tests.xctest"; sourceTree = BUILT_PRODUCTS_DIR; };
		245CDD6D1DF4A18600AC04DE /* Chapter_2_Tests.swift */ = {isa = PBXFileReference; lastKnownFileType = sourcecode.swift; path = Chapter_2_Tests.swift; sourceTree = "<group>"; };
		245CDD7A1DF4A42D00AC04DE /* errormsg.c */ = {isa = PBXFileReference; fileEncoding = 4; lastKnownFileType = sourcecode.c.c; path = errormsg.c; sourceTree = "<group>"; };
		245CDD7D1DF4F7EC00AC04DE /* testComments.tig */ = {isa = PBXFileReference; fileEncoding = 4; lastKnownFileType = text; path = testComments.tig; sourceTree = "<group>"; };
		245CDD7F1DF4FDC400AC04DE /* Extensions.swift */ = {isa = PBXFileReference; fileEncoding = 4; lastKnownFileType = sourcecode.swift; name = Extensions.swift; path = Common/Extensions.swift; sourceTree = SOURCE_ROOT; };
		24AB0AAF1ECB3B4100870BE6 /* testTypes.tig */ = {isa = PBXFileReference; fileEncoding = 4; lastKnownFileType = text; path = testTypes.tig; sourceTree = "<group>"; };
		24C4BC8B1DF4683900193AA4 /* Chapter 2-Bridging-Header.h */ = {isa = PBXFileReference; lastKnownFileType = sourcecode.c.h; path = "Chapter 2-Bridging-Header.h"; sourceTree = "<group>"; };
		24C4BC8C1DF4683900193AA4 /* lex.yy.c */ = {isa = PBXFileReference; fileEncoding = 4; lastKnownFileType = sourcecode.c.c; path = lex.yy.c; sourceTree = "<group>"; };
		24C4BC8F1DF4685F00193AA4 /* errormsg.h */ = {isa = PBXFileReference; fileEncoding = 4; lastKnownFileType = sourcecode.c.h; path = errormsg.h; sourceTree = "<group>"; };
		24C4BC901DF4685F00193AA4 /* tokens.h */ = {isa = PBXFileReference; fileEncoding = 4; lastKnownFileType = sourcecode.c.h; path = tokens.h; sourceTree = "<group>"; };
		24C4BC911DF4685F00193AA4 /* util.c */ = {isa = PBXFileReference; fileEncoding = 4; lastKnownFileType = sourcecode.c.c; path = util.c; sourceTree = "<group>"; };
		24C4BC921DF4685F00193AA4 /* util.h */ = {isa = PBXFileReference; fileEncoding = 4; lastKnownFileType = sourcecode.c.h; path = util.h; sourceTree = "<group>"; };
		24C4BC951DF4695D00193AA4 /* driver.c */ = {isa = PBXFileReference; fileEncoding = 4; lastKnownFileType = sourcecode.c.c; path = driver.c; sourceTree = "<group>"; };
		24C4BC971DF46A8700193AA4 /* tiger.lex */ = {isa = PBXFileReference; fileEncoding = 4; lastKnownFileType = text; path = tiger.lex; sourceTree = "<group>"; xcLanguageSpecificationIdentifier = xcode.lang.c; };
		24C4BC9A1DF46B0200193AA4 /* driver.h */ = {isa = PBXFileReference; lastKnownFileType = sourcecode.c.h; path = driver.h; sourceTree = "<group>"; };
		24C4BC9B1DF46FD000193AA4 /* test.tig */ = {isa = PBXFileReference; lastKnownFileType = text; path = test.tig; sourceTree = "<group>"; xcLanguageSpecificationIdentifier = xcode.lang.c; };
		24F386951DFD9150002FFA31 /* Lexer.swift */ = {isa = PBXFileReference; fileEncoding = 4; lastKnownFileType = sourcecode.swift; path = Lexer.swift; sourceTree = "<group>"; };
		24F386AD1DFD97CB002FFA31 /* Token.swift */ = {isa = PBXFileReference; fileEncoding = 4; lastKnownFileType = sourcecode.swift; path = Token.swift; sourceTree = "<group>"; };
		24F386BD1DFD9DFF002FFA31 /* Parser.swift */ = {isa = PBXFileReference; fileEncoding = 4; lastKnownFileType = sourcecode.swift; path = Parser.swift; sourceTree = "<group>"; };
		24F386C41DFD9E8D002FFA31 /* Tiger */ = {isa = PBXFileReference; explicitFileType = "compiled.mach-o.executable"; includeInIndex = 0; path = Tiger; sourceTree = BUILT_PRODUCTS_DIR; };
		24F386C61DFD9E8D002FFA31 /* main.swift */ = {isa = PBXFileReference; lastKnownFileType = sourcecode.swift; path = main.swift; sourceTree = "<group>"; };
		24F386D11DFD9F48002FFA31 /* Tiger-Bridging-Header.h */ = {isa = PBXFileReference; fileEncoding = 4; lastKnownFileType = sourcecode.c.h; path = "Tiger-Bridging-Header.h"; sourceTree = SOURCE_ROOT; };
		24F664811DFD7E4200E8638D /* testIDs.tig */ = {isa = PBXFileReference; fileEncoding = 4; lastKnownFileType = text; path = testIDs.tig; sourceTree = "<group>"; };
		24F664831DFD88C300E8638D /* List.swift */ = {isa = PBXFileReference; fileEncoding = 4; lastKnownFileType = sourcecode.swift; name = List.swift; path = Common/List.swift; sourceTree = SOURCE_ROOT; };
		24F6648B1DFD897E00E8638D /* Chapter 1 Tests.xctest */ = {isa = PBXFileReference; explicitFileType = wrapper.cfbundle; includeInIndex = 0; path = "Chapter 1 Tests.xctest"; sourceTree = BUILT_PRODUCTS_DIR; };
		24F6648D1DFD897E00E8638D /* Chapter_1_Tests.swift */ = {isa = PBXFileReference; lastKnownFileType = sourcecode.swift; path = Chapter_1_Tests.swift; sourceTree = "<group>"; };
/* End PBXFileReference section */

/* Begin PBXFrameworksBuildPhase section */
		245CDD681DF4A18600AC04DE /* Frameworks */ = {
			isa = PBXFrameworksBuildPhase;
			buildActionMask = 2147483647;
			files = (
			);
			runOnlyForDeploymentPostprocessing = 0;
		};
		24F386C11DFD9E8D002FFA31 /* Frameworks */ = {
			isa = PBXFrameworksBuildPhase;
			buildActionMask = 2147483647;
			files = (
			);
			runOnlyForDeploymentPostprocessing = 0;
		};
		24F664881DFD897E00E8638D /* Frameworks */ = {
			isa = PBXFrameworksBuildPhase;
			buildActionMask = 2147483647;
			files = (
			);
			runOnlyForDeploymentPostprocessing = 0;
		};
/* End PBXFrameworksBuildPhase section */

/* Begin PBXGroup section */
		243BF2641DEF0DE000F0202B = {
			isa = PBXGroup;
			children = (
				24F386C51DFD9E8D002FFA31 /* Tiger */,
				245CDD831DF4FDF500AC04DE /* Common */,
				24A87EE01DF45E1E00BAF2F6 /* Chapter 1 */,
				24C4BC821DF4635F00193AA4 /* Chapter 2 */,
				243BF26E1DEF0DE000F0202B /* Products */,
			);
			sourceTree = "<group>";
		};
		243BF26E1DEF0DE000F0202B /* Products */ = {
			isa = PBXGroup;
			children = (
				245CDD6B1DF4A18600AC04DE /* Chapter 2 Tests.xctest */,
				24F6648B1DFD897E00E8638D /* Chapter 1 Tests.xctest */,
				24F386C41DFD9E8D002FFA31 /* Tiger */,
			);
			name = Products;
			sourceTree = "<group>";
		};
		245CDD6C1DF4A18600AC04DE /* Chapter 2 Tests */ = {
			isa = PBXGroup;
			children = (
				245CDD6D1DF4A18600AC04DE /* Chapter_2_Tests.swift */,
				245CDD7D1DF4F7EC00AC04DE /* testComments.tig */,
				24F664811DFD7E4200E8638D /* testIDs.tig */,
				24AB0AAF1ECB3B4100870BE6 /* testTypes.tig */,
			);
			path = "Chapter 2 Tests";
			sourceTree = SOURCE_ROOT;
		};
		245CDD831DF4FDF500AC04DE /* Common */ = {
			isa = PBXGroup;
			children = (
				245CDD7F1DF4FDC400AC04DE /* Extensions.swift */,
				24F664831DFD88C300E8638D /* List.swift */,
			);
			name = Common;
			sourceTree = "<group>";
		};
		24A87EE01DF45E1E00BAF2F6 /* Chapter 1 */ = {
			isa = PBXGroup;
			children = (
				24F6648C1DFD897E00E8638D /* Chapter 1 Tests */,
				24F386951DFD9150002FFA31 /* Lexer.swift */,
			);
			path = "Chapter 1";
			sourceTree = "<group>";
		};
		24C4BC821DF4635F00193AA4 /* Chapter 2 */ = {
			isa = PBXGroup;
			children = (
				245CDD6C1DF4A18600AC04DE /* Chapter 2 Tests */,
				24F386BD1DFD9DFF002FFA31 /* Parser.swift */,
				24F386AD1DFD97CB002FFA31 /* Token.swift */,
				24C4BC8B1DF4683900193AA4 /* Chapter 2-Bridging-Header.h */,
				24C4BC9B1DF46FD000193AA4 /* test.tig */,
				24C4BC981DF46A8C00193AA4 /* Flex */,
				24C4BC991DF46A9800193AA4 /* C Files */,
			);
			path = "Chapter 2";
			sourceTree = "<group>";
		};
		24C4BC981DF46A8C00193AA4 /* Flex */ = {
			isa = PBXGroup;
			children = (
				24C4BC8C1DF4683900193AA4 /* lex.yy.c */,
				24C4BC971DF46A8700193AA4 /* tiger.lex */,
			);
			name = Flex;
			sourceTree = "<group>";
		};
		24C4BC991DF46A9800193AA4 /* C Files */ = {
			isa = PBXGroup;
			children = (
				24C4BC901DF4685F00193AA4 /* tokens.h */,
				245CDD7A1DF4A42D00AC04DE /* errormsg.c */,
				24C4BC8F1DF4685F00193AA4 /* errormsg.h */,
				24C4BC911DF4685F00193AA4 /* util.c */,
				24C4BC921DF4685F00193AA4 /* util.h */,
				24C4BC951DF4695D00193AA4 /* driver.c */,
				24C4BC9A1DF46B0200193AA4 /* driver.h */,
			);
			name = "C Files";
			sourceTree = "<group>";
		};
		24F386C51DFD9E8D002FFA31 /* Tiger */ = {
			isa = PBXGroup;
			children = (
				24F386D11DFD9F48002FFA31 /* Tiger-Bridging-Header.h */,
				24F386C61DFD9E8D002FFA31 /* main.swift */,
			);
			path = Tiger;
			sourceTree = "<group>";
		};
		24F6648C1DFD897E00E8638D /* Chapter 1 Tests */ = {
			isa = PBXGroup;
			children = (
				24F6648D1DFD897E00E8638D /* Chapter_1_Tests.swift */,
			);
			path = "Chapter 1 Tests";
			sourceTree = SOURCE_ROOT;
		};
/* End PBXGroup section */

/* Begin PBXNativeTarget section */
		245CDD6A1DF4A18600AC04DE /* Chapter 2 Tests */ = {
			isa = PBXNativeTarget;
			buildConfigurationList = 245CDD701DF4A18600AC04DE /* Build configuration list for PBXNativeTarget "Chapter 2 Tests" */;
			buildPhases = (
				245CDD671DF4A18600AC04DE /* Sources */,
				245CDD681DF4A18600AC04DE /* Frameworks */,
				245CDD691DF4A18600AC04DE /* Resources */,
			);
			buildRules = (
			);
			dependencies = (
			);
			name = "Chapter 2 Tests";
			productName = "Chapter 2 Tests";
			productReference = 245CDD6B1DF4A18600AC04DE /* Chapter 2 Tests.xctest */;
			productType = "com.apple.product-type.bundle.unit-test";
		};
		24F386C31DFD9E8D002FFA31 /* Tiger */ = {
			isa = PBXNativeTarget;
			buildConfigurationList = 24F386C81DFD9E8D002FFA31 /* Build configuration list for PBXNativeTarget "Tiger" */;
			buildPhases = (
				24F386DF1DFDA02A002FFA31 /* Lex */,
				24F386DE1DFDA013002FFA31 /* Swiftlint */,
				24F386C01DFD9E8D002FFA31 /* Sources */,
				24F386C11DFD9E8D002FFA31 /* Frameworks */,
				24F386C21DFD9E8D002FFA31 /* CopyFiles */,
			);
			buildRules = (
			);
			dependencies = (
			);
			name = Tiger;
			productName = Tiger;
			productReference = 24F386C41DFD9E8D002FFA31 /* Tiger */;
			productType = "com.apple.product-type.tool";
		};
		24F6648A1DFD897E00E8638D /* Chapter 1 Tests */ = {
			isa = PBXNativeTarget;
			buildConfigurationList = 24F664901DFD897E00E8638D /* Build configuration list for PBXNativeTarget "Chapter 1 Tests" */;
			buildPhases = (
				24F664871DFD897E00E8638D /* Sources */,
				24F664881DFD897E00E8638D /* Frameworks */,
				24F664891DFD897E00E8638D /* Resources */,
			);
			buildRules = (
			);
			dependencies = (
			);
			name = "Chapter 1 Tests";
			productName = "Chapter 1 Tests";
			productReference = 24F6648B1DFD897E00E8638D /* Chapter 1 Tests.xctest */;
			productType = "com.apple.product-type.bundle.unit-test";
		};
/* End PBXNativeTarget section */

/* Begin PBXProject section */
		243BF2651DEF0DE000F0202B /* Project object */ = {
			isa = PBXProject;
			attributes = {
				LastSwiftUpdateCheck = 0810;
				LastUpgradeCheck = 0820;
				ORGANIZATIONNAME = "Vinicius Vendramini";
				TargetAttributes = {
					245CDD6A1DF4A18600AC04DE = {
						CreatedOnToolsVersion = 8.1;
						DevelopmentTeam = HHT774898M;
						ProvisioningStyle = Automatic;
					};
					24F386C31DFD9E8D002FFA31 = {
						CreatedOnToolsVersion = 8.1;
						DevelopmentTeam = HHT774898M;
						ProvisioningStyle = Automatic;
					};
					24F6648A1DFD897E00E8638D = {
						CreatedOnToolsVersion = 8.1;
						DevelopmentTeam = HHT774898M;
						ProvisioningStyle = Automatic;
					};
				};
			};
			buildConfigurationList = 243BF2681DEF0DE000F0202B /* Build configuration list for PBXProject "Tiger" */;
			compatibilityVersion = "Xcode 3.2";
			developmentRegion = English;
			hasScannedForEncodings = 0;
			knownRegions = (
				en,
			);
			mainGroup = 243BF2641DEF0DE000F0202B;
			productRefGroup = 243BF26E1DEF0DE000F0202B /* Products */;
			projectDirPath = "";
			projectRoot = "";
			targets = (
				24F386C31DFD9E8D002FFA31 /* Tiger */,
				24F6648A1DFD897E00E8638D /* Chapter 1 Tests */,
				245CDD6A1DF4A18600AC04DE /* Chapter 2 Tests */,
			);
		};
/* End PBXProject section */

/* Begin PBXResourcesBuildPhase section */
		245CDD691DF4A18600AC04DE /* Resources */ = {
			isa = PBXResourcesBuildPhase;
			buildActionMask = 2147483647;
			files = (
				24F386B11DFD9D16002FFA31 /* testComments.tig in Resources */,
				24F386B01DFD9D13002FFA31 /* testIDs.tig in Resources */,
			);
			runOnlyForDeploymentPostprocessing = 0;
		};
		24F664891DFD897E00E8638D /* Resources */ = {
			isa = PBXResourcesBuildPhase;
			buildActionMask = 2147483647;
			files = (
			);
			runOnlyForDeploymentPostprocessing = 0;
		};
/* End PBXResourcesBuildPhase section */

/* Begin PBXShellScriptBuildPhase section */
		24F386DE1DFDA013002FFA31 /* Swiftlint */ = {
			isa = PBXShellScriptBuildPhase;
			buildActionMask = 2147483647;
			files = (
			);
			inputPaths = (
			);
			name = Swiftlint;
			outputPaths = (
			);
			runOnlyForDeploymentPostprocessing = 0;
			shellPath = /bin/sh;
			shellScript = swiftlint;
		};
		24F386DF1DFDA02A002FFA31 /* Lex */ = {
			isa = PBXShellScriptBuildPhase;
			buildActionMask = 2147483647;
			files = (
			);
			inputPaths = (
			);
			name = Lex;
			outputPaths = (
			);
			runOnlyForDeploymentPostprocessing = 0;
			shellPath = /bin/sh;
			shellScript = "cd $SRCROOT/Chapter\\ 2\nlex tiger.lex";
		};
/* End PBXShellScriptBuildPhase section */

/* Begin PBXSourcesBuildPhase section */
		245CDD671DF4A18600AC04DE /* Sources */ = {
			isa = PBXSourcesBuildPhase;
			buildActionMask = 2147483647;
			files = (
				245CDD7C1DF4A42D00AC04DE /* errormsg.c in Sources */,
				245CDD761DF4A3F100AC04DE /* util.c in Sources */,
				245CDD771DF4A3F100AC04DE /* driver.c in Sources */,
				245CDD6E1DF4A18600AC04DE /* Chapter_2_Tests.swift in Sources */,
				24F386BF1DFD9DFF002FFA31 /* Parser.swift in Sources */,
				245CDD741DF4A3E600AC04DE /* lex.yy.c in Sources */,
				24F386981DFD91C1002FFA31 /* Extensions.swift in Sources */,
				24F386AF1DFD97CD002FFA31 /* Token.swift in Sources */,
			);
			runOnlyForDeploymentPostprocessing = 0;
		};
		24F386C01DFD9E8D002FFA31 /* Sources */ = {
			isa = PBXSourcesBuildPhase;
			buildActionMask = 2147483647;
			files = (
				24F386C71DFD9E8D002FFA31 /* main.swift in Sources */,
				24F386D71DFD9FB6002FFA31 /* Extensions.swift in Sources */,
				24F386D21DFD9FA4002FFA31 /* Lexer.swift in Sources */,
				24F386D31DFD9FA5002FFA31 /* List.swift in Sources */,
				24F386DA1DFD9FC5002FFA31 /* lex.yy.c in Sources */,
				24F386DB1DFD9FC5002FFA31 /* errormsg.c in Sources */,
				24F386DC1DFD9FC5002FFA31 /* util.c in Sources */,
				24F386DD1DFD9FC5002FFA31 /* driver.c in Sources */,
				24F386D81DFD9FB6002FFA31 /* Parser.swift in Sources */,
				24F386D91DFD9FB6002FFA31 /* Token.swift in Sources */,
			);
			runOnlyForDeploymentPostprocessing = 0;
		};
		24F664871DFD897E00E8638D /* Sources */ = {
			isa = PBXSourcesBuildPhase;
			buildActionMask = 2147483647;
			files = (
				24F6648E1DFD897E00E8638D /* Chapter_1_Tests.swift in Sources */,
				24F664951DFD89EB00E8638D /* List.swift in Sources */,
				24F386971DFD9150002FFA31 /* Lexer.swift in Sources */,
				24F386991DFD91C1002FFA31 /* Extensions.swift in Sources */,
			);
			runOnlyForDeploymentPostprocessing = 0;
		};
/* End PBXSourcesBuildPhase section */

/* Begin XCBuildConfiguration section */
		243BF2721DEF0DE000F0202B /* Debug */ = {
			isa = XCBuildConfiguration;
			buildSettings = {
				ALWAYS_SEARCH_USER_PATHS = NO;
				CLANG_ANALYZER_NONNULL = YES;
				CLANG_CXX_LANGUAGE_STANDARD = "gnu++0x";
				CLANG_CXX_LIBRARY = "libc++";
				CLANG_ENABLE_MODULES = YES;
				CLANG_ENABLE_OBJC_ARC = YES;
				CLANG_WARN_BOOL_CONVERSION = YES;
				CLANG_WARN_CONSTANT_CONVERSION = YES;
				CLANG_WARN_DIRECT_OBJC_ISA_USAGE = YES_ERROR;
				CLANG_WARN_DOCUMENTATION_COMMENTS = YES;
				CLANG_WARN_EMPTY_BODY = YES;
				CLANG_WARN_ENUM_CONVERSION = YES;
				CLANG_WARN_INFINITE_RECURSION = YES;
				CLANG_WARN_INT_CONVERSION = YES;
				CLANG_WARN_OBJC_ROOT_CLASS = YES_ERROR;
				CLANG_WARN_SUSPICIOUS_MOVE = YES;
				CLANG_WARN_SUSPICIOUS_MOVES = YES;
				CLANG_WARN_UNREACHABLE_CODE = YES;
				CLANG_WARN__DUPLICATE_METHOD_MATCH = YES;
				CODE_SIGN_IDENTITY = "-";
				COPY_PHASE_STRIP = NO;
				DEBUG_INFORMATION_FORMAT = dwarf;
				ENABLE_STRICT_OBJC_MSGSEND = YES;
				ENABLE_TESTABILITY = YES;
				GCC_C_LANGUAGE_STANDARD = gnu99;
				GCC_DYNAMIC_NO_PIC = NO;
				GCC_NO_COMMON_BLOCKS = YES;
				GCC_OPTIMIZATION_LEVEL = 0;
				GCC_PREPROCESSOR_DEFINITIONS = (
					"DEBUG=1",
					"$(inherited)",
				);
				GCC_WARN_64_TO_32_BIT_CONVERSION = YES;
				GCC_WARN_ABOUT_RETURN_TYPE = YES_ERROR;
				GCC_WARN_UNDECLARED_SELECTOR = YES;
				GCC_WARN_UNINITIALIZED_AUTOS = YES_AGGRESSIVE;
				GCC_WARN_UNUSED_FUNCTION = YES;
				GCC_WARN_UNUSED_VARIABLE = YES;
				MACOSX_DEPLOYMENT_TARGET = 10.12;
				MTL_ENABLE_DEBUG_INFO = YES;
				ONLY_ACTIVE_ARCH = YES;
				SDKROOT = macosx;
				SWIFT_OPTIMIZATION_LEVEL = "-Onone";
			};
			name = Debug;
		};
		243BF2731DEF0DE000F0202B /* Release */ = {
			isa = XCBuildConfiguration;
			buildSettings = {
				ALWAYS_SEARCH_USER_PATHS = NO;
				CLANG_ANALYZER_NONNULL = YES;
				CLANG_CXX_LANGUAGE_STANDARD = "gnu++0x";
				CLANG_CXX_LIBRARY = "libc++";
				CLANG_ENABLE_MODULES = YES;
				CLANG_ENABLE_OBJC_ARC = YES;
				CLANG_WARN_BOOL_CONVERSION = YES;
				CLANG_WARN_CONSTANT_CONVERSION = YES;
				CLANG_WARN_DIRECT_OBJC_ISA_USAGE = YES_ERROR;
				CLANG_WARN_DOCUMENTATION_COMMENTS = YES;
				CLANG_WARN_EMPTY_BODY = YES;
				CLANG_WARN_ENUM_CONVERSION = YES;
				CLANG_WARN_INFINITE_RECURSION = YES;
				CLANG_WARN_INT_CONVERSION = YES;
				CLANG_WARN_OBJC_ROOT_CLASS = YES_ERROR;
				CLANG_WARN_SUSPICIOUS_MOVE = YES;
				CLANG_WARN_SUSPICIOUS_MOVES = YES;
				CLANG_WARN_UNREACHABLE_CODE = YES;
				CLANG_WARN__DUPLICATE_METHOD_MATCH = YES;
				CODE_SIGN_IDENTITY = "-";
				COPY_PHASE_STRIP = NO;
				DEBUG_INFORMATION_FORMAT = "dwarf-with-dsym";
				ENABLE_NS_ASSERTIONS = NO;
				ENABLE_STRICT_OBJC_MSGSEND = YES;
				GCC_C_LANGUAGE_STANDARD = gnu99;
				GCC_NO_COMMON_BLOCKS = YES;
				GCC_WARN_64_TO_32_BIT_CONVERSION = YES;
				GCC_WARN_ABOUT_RETURN_TYPE = YES_ERROR;
				GCC_WARN_UNDECLARED_SELECTOR = YES;
				GCC_WARN_UNINITIALIZED_AUTOS = YES_AGGRESSIVE;
				GCC_WARN_UNUSED_FUNCTION = YES;
				GCC_WARN_UNUSED_VARIABLE = YES;
				MACOSX_DEPLOYMENT_TARGET = 10.12;
				MTL_ENABLE_DEBUG_INFO = NO;
				SDKROOT = macosx;
				SWIFT_OPTIMIZATION_LEVEL = "-Owholemodule";
			};
			name = Release;
		};
		245CDD711DF4A18600AC04DE /* Debug */ = {
			isa = XCBuildConfiguration;
			buildSettings = {
				COMBINE_HIDPI_IMAGES = YES;
				DEVELOPMENT_TEAM = HHT774898M;
				INFOPLIST_FILE = "Chapter 2 Tests/Info.plist";
				LD_RUNPATH_SEARCH_PATHS = "$(inherited) @executable_path/../Frameworks @loader_path/../Frameworks";
				PRODUCT_BUNDLE_IDENTIFIER = "vinivendra.Chapter-2-Tests";
				PRODUCT_NAME = "$(TARGET_NAME)";
				SWIFT_ACTIVE_COMPILATION_CONDITIONS = DEBUG;
				SWIFT_OBJC_BRIDGING_HEADER = "Chapter 2/Chapter 2-Bridging-Header.h";
				SWIFT_VERSION = 3.0;
			};
			name = Debug;
		};
		245CDD721DF4A18600AC04DE /* Release */ = {
			isa = XCBuildConfiguration;
			buildSettings = {
				COMBINE_HIDPI_IMAGES = YES;
				DEVELOPMENT_TEAM = HHT774898M;
				INFOPLIST_FILE = "Chapter 2 Tests/Info.plist";
				LD_RUNPATH_SEARCH_PATHS = "$(inherited) @executable_path/../Frameworks @loader_path/../Frameworks";
				PRODUCT_BUNDLE_IDENTIFIER = "vinivendra.Chapter-2-Tests";
				PRODUCT_NAME = "$(TARGET_NAME)";
				SWIFT_OBJC_BRIDGING_HEADER = "Chapter 2/Chapter 2-Bridging-Header.h";
				SWIFT_OPTIMIZATION_LEVEL = "-Owholemodule";
				SWIFT_VERSION = 3.0;
			};
			name = Release;
		};
		24F386C91DFD9E8D002FFA31 /* Debug */ = {
			isa = XCBuildConfiguration;
			buildSettings = {
				DEVELOPMENT_TEAM = HHT774898M;
				PRODUCT_NAME = "$(TARGET_NAME)";
				SWIFT_OBJC_BRIDGING_HEADER = "Tiger-Bridging-Header.h";
				SWIFT_VERSION = 3.0;
			};
			name = Debug;
		};
		24F386CA1DFD9E8D002FFA31 /* Release */ = {
			isa = XCBuildConfiguration;
			buildSettings = {
				DEVELOPMENT_TEAM = HHT774898M;
				PRODUCT_NAME = "$(TARGET_NAME)";
				SWIFT_OBJC_BRIDGING_HEADER = "Tiger-Bridging-Header.h";
				SWIFT_VERSION = 3.0;
			};
			name = Release;
		};
		24F664911DFD897E00E8638D /* Debug */ = {
			isa = XCBuildConfiguration;
			buildSettings = {
				COMBINE_HIDPI_IMAGES = YES;
				DEVELOPMENT_TEAM = HHT774898M;
				INFOPLIST_FILE = "Chapter 1 Tests/Info.plist";
				LD_RUNPATH_SEARCH_PATHS = "$(inherited) @executable_path/../Frameworks @loader_path/../Frameworks";
				PRODUCT_BUNDLE_IDENTIFIER = "vinivendra.Chapter-1-Tests";
				PRODUCT_NAME = "$(TARGET_NAME)";
				SWIFT_ACTIVE_COMPILATION_CONDITIONS = DEBUG;
				SWIFT_VERSION = 3.0;
			};
			name = Debug;
		};
		24F664921DFD897E00E8638D /* Release */ = {
			isa = XCBuildConfiguration;
			buildSettings = {
				COMBINE_HIDPI_IMAGES = YES;
				DEVELOPMENT_TEAM = HHT774898M;
				INFOPLIST_FILE = "Chapter 1 Tests/Info.plist";
				LD_RUNPATH_SEARCH_PATHS = "$(inherited) @executable_path/../Frameworks @loader_path/../Frameworks";
				PRODUCT_BUNDLE_IDENTIFIER = "vinivendra.Chapter-1-Tests";
				PRODUCT_NAME = "$(TARGET_NAME)";
				SWIFT_OPTIMIZATION_LEVEL = "-Owholemodule";
				SWIFT_VERSION = 3.0;
			};
			name = Release;
		};
/* End XCBuildConfiguration section */

/* Begin XCConfigurationList section */
		243BF2681DEF0DE000F0202B /* Build configuration list for PBXProject "Tiger" */ = {
			isa = XCConfigurationList;
			buildConfigurations = (
				243BF2721DEF0DE000F0202B /* Debug */,
				243BF2731DEF0DE000F0202B /* Release */,
			);
			defaultConfigurationIsVisible = 0;
			defaultConfigurationName = Release;
		};
		245CDD701DF4A18600AC04DE /* Build configuration list for PBXNativeTarget "Chapter 2 Tests" */ = {
			isa = XCConfigurationList;
			buildConfigurations = (
				245CDD711DF4A18600AC04DE /* Debug */,
				245CDD721DF4A18600AC04DE /* Release */,
			);
			defaultConfigurationIsVisible = 0;
			defaultConfigurationName = Release;
		};
		24F386C81DFD9E8D002FFA31 /* Build configuration list for PBXNativeTarget "Tiger" */ = {
			isa = XCConfigurationList;
			buildConfigurations = (
				24F386C91DFD9E8D002FFA31 /* Debug */,
				24F386CA1DFD9E8D002FFA31 /* Release */,
			);
			defaultConfigurationIsVisible = 0;
			defaultConfigurationName = Release;
		};
		24F664901DFD897E00E8638D /* Build configuration list for PBXNativeTarget "Chapter 1 Tests" */ = {
			isa = XCConfigurationList;
			buildConfigurations = (
				24F664911DFD897E00E8638D /* Debug */,
				24F664921DFD897E00E8638D /* Release */,
			);
			defaultConfigurationIsVisible = 0;
			defaultConfigurationName = Release;
		};
/* End XCConfigurationList section */
	};
	rootObject = 243BF2651DEF0DE000F0202B /* Project object */;
}
