// !$*UTF8*$!
{
	archiveVersion = 1;
	classes = {
	};
	objectVersion = 46;
	objects = {

/* Begin PBXBuildFile section */
		24A87EE21DF45E1E00BAF2F6 /* main.swift in Sources */ = {isa = PBXBuildFile; fileRef = 24A87EE11DF45E1E00BAF2F6 /* main.swift */; };
		24C4BC841DF4635F00193AA4 /* main.swift in Sources */ = {isa = PBXBuildFile; fileRef = 24C4BC831DF4635F00193AA4 /* main.swift */; };
/* End PBXBuildFile section */

/* Begin PBXCopyFilesBuildPhase section */
		24A87EDD1DF45E1E00BAF2F6 /* CopyFiles */ = {
			isa = PBXCopyFilesBuildPhase;
			buildActionMask = 2147483647;
			dstPath = /usr/share/man/man1/;
			dstSubfolderSpec = 0;
			files = (
			);
			runOnlyForDeploymentPostprocessing = 1;
		};
		24C4BC7F1DF4635F00193AA4 /* CopyFiles */ = {
			isa = PBXCopyFilesBuildPhase;
			buildActionMask = 2147483647;
			dstPath = /usr/share/man/man1/;
			dstSubfolderSpec = 0;
			files = (
			);
			runOnlyForDeploymentPostprocessing = 1;
		};
/* End PBXCopyFilesBuildPhase section */

/* Begin PBXFileReference section */
		24A87EDF1DF45E1E00BAF2F6 /* Chapter 1 */ = {isa = PBXFileReference; explicitFileType = "compiled.mach-o.executable"; includeInIndex = 0; path = "Chapter 1"; sourceTree = BUILT_PRODUCTS_DIR; };
		24A87EE11DF45E1E00BAF2F6 /* main.swift */ = {isa = PBXFileReference; lastKnownFileType = sourcecode.swift; path = main.swift; sourceTree = "<group>"; };
		24C4BC811DF4635F00193AA4 /* Chapter 2 */ = {isa = PBXFileReference; explicitFileType = "compiled.mach-o.executable"; includeInIndex = 0; path = "Chapter 2"; sourceTree = BUILT_PRODUCTS_DIR; };
		24C4BC831DF4635F00193AA4 /* main.swift */ = {isa = PBXFileReference; lastKnownFileType = sourcecode.swift; path = main.swift; sourceTree = "<group>"; };
/* End PBXFileReference section */

/* Begin PBXFrameworksBuildPhase section */
		24A87EDC1DF45E1E00BAF2F6 /* Frameworks */ = {
			isa = PBXFrameworksBuildPhase;
			buildActionMask = 2147483647;
			files = (
			);
			runOnlyForDeploymentPostprocessing = 0;
		};
		24C4BC7E1DF4635F00193AA4 /* Frameworks */ = {
			isa = PBXFrameworksBuildPhase;
			buildActionMask = 2147483647;
			files = (
			);
			runOnlyForDeploymentPostprocessing = 0;
		};
/* End PBXFrameworksBuildPhase section */

/* Begin PBXGroup section */
		243BF2641DEF0DE000F0202B = {
			isa = PBXGroup;
			children = (
				24A87EE01DF45E1E00BAF2F6 /* Chapter 1 */,
				24C4BC821DF4635F00193AA4 /* Chapter 2 */,
				243BF26E1DEF0DE000F0202B /* Products */,
			);
			sourceTree = "<group>";
		};
		243BF26E1DEF0DE000F0202B /* Products */ = {
			isa = PBXGroup;
			children = (
				24A87EDF1DF45E1E00BAF2F6 /* Chapter 1 */,
				24C4BC811DF4635F00193AA4 /* Chapter 2 */,
			);
			name = Products;
			sourceTree = "<group>";
		};
		24A87EE01DF45E1E00BAF2F6 /* Chapter 1 */ = {
			isa = PBXGroup;
			children = (
				24A87EE11DF45E1E00BAF2F6 /* main.swift */,
			);
			path = "Chapter 1";
			sourceTree = "<group>";
		};
		24C4BC821DF4635F00193AA4 /* Chapter 2 */ = {
			isa = PBXGroup;
			children = (
				24C4BC831DF4635F00193AA4 /* main.swift */,
			);
			path = "Chapter 2";
			sourceTree = "<group>";
		};
/* End PBXGroup section */

/* Begin PBXNativeTarget section */
		24A87EDE1DF45E1E00BAF2F6 /* Chapter 1 */ = {
			isa = PBXNativeTarget;
			buildConfigurationList = 24A87EE31DF45E1E00BAF2F6 /* Build configuration list for PBXNativeTarget "Chapter 1" */;
			buildPhases = (
				24A87EDB1DF45E1E00BAF2F6 /* Sources */,
				24A87EDC1DF45E1E00BAF2F6 /* Frameworks */,
				24A87EDD1DF45E1E00BAF2F6 /* CopyFiles */,
			);
			buildRules = (
			);
			dependencies = (
			);
			name = "Chapter 1";
			productName = "Chapter 1";
			productReference = 24A87EDF1DF45E1E00BAF2F6 /* Chapter 1 */;
			productType = "com.apple.product-type.tool";
		};
		24C4BC801DF4635F00193AA4 /* Chapter 2 */ = {
			isa = PBXNativeTarget;
			buildConfigurationList = 24C4BC871DF4635F00193AA4 /* Build configuration list for PBXNativeTarget "Chapter 2" */;
			buildPhases = (
				24C4BC7D1DF4635F00193AA4 /* Sources */,
				24C4BC7E1DF4635F00193AA4 /* Frameworks */,
				24C4BC7F1DF4635F00193AA4 /* CopyFiles */,
			);
			buildRules = (
			);
			dependencies = (
			);
			name = "Chapter 2";
			productName = "Chapter 2";
			productReference = 24C4BC811DF4635F00193AA4 /* Chapter 2 */;
			productType = "com.apple.product-type.tool";
		};
/* End PBXNativeTarget section */

/* Begin PBXProject section */
		243BF2651DEF0DE000F0202B /* Project object */ = {
			isa = PBXProject;
			attributes = {
				LastSwiftUpdateCheck = 0810;
				LastUpgradeCheck = 0810;
				ORGANIZATIONNAME = "Vinicius Vendramini";
				TargetAttributes = {
					24A87EDE1DF45E1E00BAF2F6 = {
						CreatedOnToolsVersion = 8.1;
						DevelopmentTeam = HHT774898M;
						ProvisioningStyle = Automatic;
					};
					24C4BC801DF4635F00193AA4 = {
						CreatedOnToolsVersion = 8.1;
						DevelopmentTeam = HHT774898M;
						ProvisioningStyle = Automatic;
					};
				};
			};
			buildConfigurationList = 243BF2681DEF0DE000F0202B /* Build configuration list for PBXProject "Tiger" */;
			compatibilityVersion = "Xcode 3.2";
			developmentRegion = English;
			hasScannedForEncodings = 0;
			knownRegions = (
				en,
			);
			mainGroup = 243BF2641DEF0DE000F0202B;
			productRefGroup = 243BF26E1DEF0DE000F0202B /* Products */;
			projectDirPath = "";
			projectRoot = "";
			targets = (
				24A87EDE1DF45E1E00BAF2F6 /* Chapter 1 */,
				24C4BC801DF4635F00193AA4 /* Chapter 2 */,
			);
		};
/* End PBXProject section */

/* Begin PBXSourcesBuildPhase section */
		24A87EDB1DF45E1E00BAF2F6 /* Sources */ = {
			isa = PBXSourcesBuildPhase;
			buildActionMask = 2147483647;
			files = (
				24A87EE21DF45E1E00BAF2F6 /* main.swift in Sources */,
			);
			runOnlyForDeploymentPostprocessing = 0;
		};
		24C4BC7D1DF4635F00193AA4 /* Sources */ = {
			isa = PBXSourcesBuildPhase;
			buildActionMask = 2147483647;
			files = (
				24C4BC841DF4635F00193AA4 /* main.swift in Sources */,
			);
			runOnlyForDeploymentPostprocessing = 0;
		};
/* End PBXSourcesBuildPhase section */

/* Begin XCBuildConfiguration section */
		243BF2721DEF0DE000F0202B /* Debug */ = {
			isa = XCBuildConfiguration;
			buildSettings = {
				ALWAYS_SEARCH_USER_PATHS = NO;
				CLANG_ANALYZER_NONNULL = YES;
				CLANG_CXX_LANGUAGE_STANDARD = "gnu++0x";
				CLANG_CXX_LIBRARY = "libc++";
				CLANG_ENABLE_MODULES = YES;
				CLANG_ENABLE_OBJC_ARC = YES;
				CLANG_WARN_BOOL_CONVERSION = YES;
				CLANG_WARN_CONSTANT_CONVERSION = YES;
				CLANG_WARN_DIRECT_OBJC_ISA_USAGE = YES_ERROR;
				CLANG_WARN_DOCUMENTATION_COMMENTS = YES;
				CLANG_WARN_EMPTY_BODY = YES;
				CLANG_WARN_ENUM_CONVERSION = YES;
				CLANG_WARN_INFINITE_RECURSION = YES;
				CLANG_WARN_INT_CONVERSION = YES;
				CLANG_WARN_OBJC_ROOT_CLASS = YES_ERROR;
				CLANG_WARN_SUSPICIOUS_MOVES = YES;
				CLANG_WARN_UNREACHABLE_CODE = YES;
				CLANG_WARN__DUPLICATE_METHOD_MATCH = YES;
				CODE_SIGN_IDENTITY = "-";
				COPY_PHASE_STRIP = NO;
				DEBUG_INFORMATION_FORMAT = dwarf;
				ENABLE_STRICT_OBJC_MSGSEND = YES;
				ENABLE_TESTABILITY = YES;
				GCC_C_LANGUAGE_STANDARD = gnu99;
				GCC_DYNAMIC_NO_PIC = NO;
				GCC_NO_COMMON_BLOCKS = YES;
				GCC_OPTIMIZATION_LEVEL = 0;
				GCC_PREPROCESSOR_DEFINITIONS = (
					"DEBUG=1",
					"$(inherited)",
				);
				GCC_WARN_64_TO_32_BIT_CONVERSION = YES;
				GCC_WARN_ABOUT_RETURN_TYPE = YES_ERROR;
				GCC_WARN_UNDECLARED_SELECTOR = YES;
				GCC_WARN_UNINITIALIZED_AUTOS = YES_AGGRESSIVE;
				GCC_WARN_UNUSED_FUNCTION = YES;
				GCC_WARN_UNUSED_VARIABLE = YES;
				MACOSX_DEPLOYMENT_TARGET = 10.12;
				MTL_ENABLE_DEBUG_INFO = YES;
				ONLY_ACTIVE_ARCH = YES;
				SDKROOT = macosx;
				SWIFT_OPTIMIZATION_LEVEL = "-Onone";
			};
			name = Debug;
		};
		243BF2731DEF0DE000F0202B /* Release */ = {
			isa = XCBuildConfiguration;
			buildSettings = {
				ALWAYS_SEARCH_USER_PATHS = NO;
				CLANG_ANALYZER_NONNULL = YES;
				CLANG_CXX_LANGUAGE_STANDARD = "gnu++0x";
				CLANG_CXX_LIBRARY = "libc++";
				CLANG_ENABLE_MODULES = YES;
				CLANG_ENABLE_OBJC_ARC = YES;
				CLANG_WARN_BOOL_CONVERSION = YES;
				CLANG_WARN_CONSTANT_CONVERSION = YES;
				CLANG_WARN_DIRECT_OBJC_ISA_USAGE = YES_ERROR;
				CLANG_WARN_DOCUMENTATION_COMMENTS = YES;
				CLANG_WARN_EMPTY_BODY = YES;
				CLANG_WARN_ENUM_CONVERSION = YES;
				CLANG_WARN_INFINITE_RECURSION = YES;
				CLANG_WARN_INT_CONVERSION = YES;
				CLANG_WARN_OBJC_ROOT_CLASS = YES_ERROR;
				CLANG_WARN_SUSPICIOUS_MOVES = YES;
				CLANG_WARN_UNREACHABLE_CODE = YES;
				CLANG_WARN__DUPLICATE_METHOD_MATCH = YES;
				CODE_SIGN_IDENTITY = "-";
				COPY_PHASE_STRIP = NO;
				DEBUG_INFORMATION_FORMAT = "dwarf-with-dsym";
				ENABLE_NS_ASSERTIONS = NO;
				ENABLE_STRICT_OBJC_MSGSEND = YES;
				GCC_C_LANGUAGE_STANDARD = gnu99;
				GCC_NO_COMMON_BLOCKS = YES;
				GCC_WARN_64_TO_32_BIT_CONVERSION = YES;
				GCC_WARN_ABOUT_RETURN_TYPE = YES_ERROR;
				GCC_WARN_UNDECLARED_SELECTOR = YES;
				GCC_WARN_UNINITIALIZED_AUTOS = YES_AGGRESSIVE;
				GCC_WARN_UNUSED_FUNCTION = YES;
				GCC_WARN_UNUSED_VARIABLE = YES;
				MACOSX_DEPLOYMENT_TARGET = 10.12;
				MTL_ENABLE_DEBUG_INFO = NO;
				SDKROOT = macosx;
			};
			name = Release;
		};
		24A87EE41DF45E1E00BAF2F6 /* Debug */ = {
			isa = XCBuildConfiguration;
			buildSettings = {
				DEVELOPMENT_TEAM = HHT774898M;
				PRODUCT_NAME = "$(TARGET_NAME)";
				SWIFT_VERSION = 3.0;
			};
			name = Debug;
		};
		24A87EE51DF45E1E00BAF2F6 /* Release */ = {
			isa = XCBuildConfiguration;
			buildSettings = {
				DEVELOPMENT_TEAM = HHT774898M;
				PRODUCT_NAME = "$(TARGET_NAME)";
				SWIFT_VERSION = 3.0;
			};
			name = Release;
		};
		24C4BC851DF4635F00193AA4 /* Debug */ = {
			isa = XCBuildConfiguration;
			buildSettings = {
				DEVELOPMENT_TEAM = HHT774898M;
				PRODUCT_NAME = "$(TARGET_NAME)";
				SWIFT_VERSION = 3.0;
			};
			name = Debug;
		};
		24C4BC861DF4635F00193AA4 /* Release */ = {
			isa = XCBuildConfiguration;
			buildSettings = {
				DEVELOPMENT_TEAM = HHT774898M;
				PRODUCT_NAME = "$(TARGET_NAME)";
				SWIFT_VERSION = 3.0;
			};
			name = Release;
		};
/* End XCBuildConfiguration section */

/* Begin XCConfigurationList section */
		243BF2681DEF0DE000F0202B /* Build configuration list for PBXProject "Tiger" */ = {
			isa = XCConfigurationList;
			buildConfigurations = (
				243BF2721DEF0DE000F0202B /* Debug */,
				243BF2731DEF0DE000F0202B /* Release */,
			);
			defaultConfigurationIsVisible = 0;
			defaultConfigurationName = Release;
		};
		24A87EE31DF45E1E00BAF2F6 /* Build configuration list for PBXNativeTarget "Chapter 1" */ = {
			isa = XCConfigurationList;
			buildConfigurations = (
				24A87EE41DF45E1E00BAF2F6 /* Debug */,
				24A87EE51DF45E1E00BAF2F6 /* Release */,
			);
			defaultConfigurationIsVisible = 0;
			defaultConfigurationName = Release;
		};
		24C4BC871DF4635F00193AA4 /* Build configuration list for PBXNativeTarget "Chapter 2" */ = {
			isa = XCConfigurationList;
			buildConfigurations = (
				24C4BC851DF4635F00193AA4 /* Debug */,
				24C4BC861DF4635F00193AA4 /* Release */,
			);
			defaultConfigurationIsVisible = 0;
		};
/* End XCConfigurationList section */
	};
	rootObject = 243BF2651DEF0DE000F0202B /* Project object */;
}
